
Microsoft Visual Studio Solution File, Format Version 12.00
# Visual Studio Version 17
VisualStudioVersion = 17.9.34728.123
MinimumVisualStudioVersion = 10.0.40219.1
Project("{FAE04EC0-301F-11D3-BF4B-00C04F79EFBC}") = "курсовая", "курсовая\курсовая.csproj", "{71BD2C74-CFC0-4CE0-8692-4F09828D40DA}"
EndProject
Global
	GlobalSection(SolutionConfigurationPlatforms) = preSolution
		Debug|Any CPU = Debug|Any CPU
		Release|Any CPU = Release|Any CPU
	EndGlobalSection
	GlobalSection(ProjectConfigurationPlatforms) = postSolution
		{71BD2C74-CFC0-4CE0-8692-4F09828D40DA}.Debug|Any CPU.ActiveCfg = Debug|Any CPU
		{71BD2C74-CFC0-4CE0-8692-4F09828D40DA}.Debug|Any CPU.Build.0 = Debug|Any CPU
		{71BD2C74-CFC0-4CE0-8692-4F09828D40DA}.Release|Any CPU.ActiveCfg = Release|Any CPU
		{71BD2C74-CFC0-4CE0-8692-4F09828D40DA}.Release|Any CPU.Build.0 = Release|Any CPU
	EndGlobalSection
	GlobalSection(SolutionProperties) = preSolution
		HideSolutionNode = FALSE
	EndGlobalSection
	GlobalSection(ExtensibilityGlobals) = postSolution
		SolutionGuid = {F6E2136F-3A00-4FAD-B584-AB9CF920C7DF}
	EndGlobalSection
EndGlobal
